
Microsoft Visual Studio Solution File, Format Version 12.00
# Visual Studio Version 17
VisualStudioVersion = 17.8.34525.116
MinimumVisualStudioVersion = 10.0.40219.1
Project("{FAE04EC0-301F-11D3-BF4B-00C04F79EFBC}") = "TipStroki2", "TipStroki2\TipStroki2.csproj", "{2509A80C-6104-47A1-83E0-877A17EB85EB}"
EndProject
Global
	GlobalSection(SolutionConfigurationPlatforms) = preSolution
		Debug|Any CPU = Debug|Any CPU
		Release|Any CPU = Release|Any CPU
	EndGlobalSection
	GlobalSection(ProjectConfigurationPlatforms) = postSolution
		{2509A80C-6104-47A1-83E0-877A17EB85EB}.Debug|Any CPU.ActiveCfg = Debug|Any CPU
		{2509A80C-6104-47A1-83E0-877A17EB85EB}.Debug|Any CPU.Build.0 = Debug|Any CPU
		{2509A80C-6104-47A1-83E0-877A17EB85EB}.Release|Any CPU.ActiveCfg = Release|Any CPU
		{2509A80C-6104-47A1-83E0-877A17EB85EB}.Release|Any CPU.Build.0 = Release|Any CPU
	EndGlobalSection
	GlobalSection(SolutionProperties) = preSolution
		HideSolutionNode = FALSE
	EndGlobalSection
	GlobalSection(ExtensibilityGlobals) = postSolution
		SolutionGuid = {2908BABD-2B85-4D0E-8C0D-EB9FAD3F75B5}
	EndGlobalSection
EndGlobal
